{
  "name": "basics",
  "version": "1.0.0",
  "lockfileVersion": 2,
  "requires": true,
  "packages": {
    "": {
      "name": "basics",
      "version": "1.0.0",
      "license": "ISC",
      "dependencies": {
        "be-feb-batch": "^1.1.1"
      }
    },
    "node_modules/be-feb-batch": {
      "version": "1.1.1",
      "resolved": "https://registry.npmjs.org/be-feb-batch/-/be-feb-batch-1.1.1.tgz",
      "integrity": "sha512-ve/1TrQa53e0OHTNj879WhP+O4o7AiFtNY3Xj2T7uH9dSxkr+5WW2m3S8nlRjdsikmoZ1u/nQxDiYLz2m9VFkQ=="
    }
  },
  "dependencies": {
    "be-feb-batch": {
      "version": "1.1.1",
      "resolved": "https://registry.npmjs.org/be-feb-batch/-/be-feb-batch-1.1.1.tgz",
      "integrity": "sha512-ve/1TrQa53e0OHTNj879WhP+O4o7AiFtNY3Xj2T7uH9dSxkr+5WW2m3S8nlRjdsikmoZ1u/nQxDiYLz2m9VFkQ=="
    }
  }
}
